
Microsoft Visual Studio Solution File, Format Version 12.00
# Visual Studio Version 16
VisualStudioVersion = 16.0.32602.291
MinimumVisualStudioVersion = 10.0.40219.1
Project("{9A19103F-16F7-4668-BE54-9A1E7A4F7556}") = "DLLVersionInfo", "DLLVerxionInfo\DLLVersionInfo.csproj", "{06083F66-AC9A-4BC4-A5ED-FF9A63CB66AE}"
EndProject
Global
	GlobalSection(SolutionConfigurationPlatforms) = preSolution
		Debug|Any CPU = Debug|Any CPU
		Release|Any CPU = Release|Any CPU
	EndGlobalSection
	GlobalSection(ProjectConfigurationPlatforms) = postSolution
		{06083F66-AC9A-4BC4-A5ED-FF9A63CB66AE}.Debug|Any CPU.ActiveCfg = Debug|Any CPU
		{06083F66-AC9A-4BC4-A5ED-FF9A63CB66AE}.Debug|Any CPU.Build.0 = Debug|Any CPU
		{06083F66-AC9A-4BC4-A5ED-FF9A63CB66AE}.Release|Any CPU.ActiveCfg = Release|Any CPU
		{06083F66-AC9A-4BC4-A5ED-FF9A63CB66AE}.Release|Any CPU.Build.0 = Release|Any CPU
	EndGlobalSection
	GlobalSection(SolutionProperties) = preSolution
		HideSolutionNode = FALSE
	EndGlobalSection
	GlobalSection(ExtensibilityGlobals) = postSolution
		SolutionGuid = {5BA63933-FDA1-4FD7-8B69-FCDAF4E2209D}
	EndGlobalSection
EndGlobal
